
Microsoft Visual Studio Solution File, Format Version 12.00
# Visual Studio Version 17
VisualStudioVersion = 17.0.31903.59
MinimumVisualStudioVersion = 10.0.40219.1
Project("{2150E333-8FDC-42A3-9474-1A3956D46DE8}") = "src", "src", "{827E0CD3-B72D-47B6-A68D-7590B98EB39B}"
EndProject
Project("{FAE04EC0-301F-11D3-BF4B-00C04F79EFBC}") = "EventLy.Api", "src\EventLy.Api\EventLy.Api.csproj", "{3E640834-FEA2-44D1-8C86-185C4F186C4F}"
EndProject
Project("{2150E333-8FDC-42A3-9474-1A3956D46DE8}") = "tests", "tests", "{0AB3BF05-4346-4AA6-1389-037BE0695223}"
EndProject
Project("{FAE04EC0-301F-11D3-BF4B-00C04F79EFBC}") = "EventLy.UnitTests", "tests\EventLy.UnitTests\EventLy.UnitTests.csproj", "{8C5AFBCA-29D9-45C6-8B10-96AE955F13F4}"
EndProject
Project("{FAE04EC0-301F-11D3-BF4B-00C04F79EFBC}") = "EventLy.IntegrationTests", "tests\EventLy.IntegrationTests\EventLy.IntegrationTests.csproj", "{27844C07-4993-41FC-8A16-57A507169E70}"
EndProject
Global
	GlobalSection(SolutionConfigurationPlatforms) = preSolution
		Debug|Any CPU = Debug|Any CPU
		Debug|x64 = Debug|x64
		Debug|x86 = Debug|x86
		Release|Any CPU = Release|Any CPU
		Release|x64 = Release|x64
		Release|x86 = Release|x86
	EndGlobalSection
	GlobalSection(ProjectConfigurationPlatforms) = postSolution
		{3E640834-FEA2-44D1-8C86-185C4F186C4F}.Debug|Any CPU.ActiveCfg = Debug|Any CPU
		{3E640834-FEA2-44D1-8C86-185C4F186C4F}.Debug|Any CPU.Build.0 = Debug|Any CPU
		{3E640834-FEA2-44D1-8C86-185C4F186C4F}.Debug|x64.ActiveCfg = Debug|Any CPU
		{3E640834-FEA2-44D1-8C86-185C4F186C4F}.Debug|x64.Build.0 = Debug|Any CPU
		{3E640834-FEA2-44D1-8C86-185C4F186C4F}.Debug|x86.ActiveCfg = Debug|Any CPU
		{3E640834-FEA2-44D1-8C86-185C4F186C4F}.Debug|x86.Build.0 = Debug|Any CPU
		{3E640834-FEA2-44D1-8C86-185C4F186C4F}.Release|Any CPU.ActiveCfg = Release|Any CPU
		{3E640834-FEA2-44D1-8C86-185C4F186C4F}.Release|Any CPU.Build.0 = Release|Any CPU
		{3E640834-FEA2-44D1-8C86-185C4F186C4F}.Release|x64.ActiveCfg = Release|Any CPU
		{3E640834-FEA2-44D1-8C86-185C4F186C4F}.Release|x64.Build.0 = Release|Any CPU
		{3E640834-FEA2-44D1-8C86-185C4F186C4F}.Release|x86.ActiveCfg = Release|Any CPU
		{3E640834-FEA2-44D1-8C86-185C4F186C4F}.Release|x86.Build.0 = Release|Any CPU
		{8C5AFBCA-29D9-45C6-8B10-96AE955F13F4}.Debug|Any CPU.ActiveCfg = Debug|Any CPU
		{8C5AFBCA-29D9-45C6-8B10-96AE955F13F4}.Debug|Any CPU.Build.0 = Debug|Any CPU
		{8C5AFBCA-29D9-45C6-8B10-96AE955F13F4}.Debug|x64.ActiveCfg = Debug|Any CPU
		{8C5AFBCA-29D9-45C6-8B10-96AE955F13F4}.Debug|x64.Build.0 = Debug|Any CPU
		{8C5AFBCA-29D9-45C6-8B10-96AE955F13F4}.Debug|x86.ActiveCfg = Debug|Any CPU
		{8C5AFBCA-29D9-45C6-8B10-96AE955F13F4}.Debug|x86.Build.0 = Debug|Any CPU
		{8C5AFBCA-29D9-45C6-8B10-96AE955F13F4}.Release|Any CPU.ActiveCfg = Release|Any CPU
		{8C5AFBCA-29D9-45C6-8B10-96AE955F13F4}.Release|Any CPU.Build.0 = Release|Any CPU
		{8C5AFBCA-29D9-45C6-8B10-96AE955F13F4}.Release|x64.ActiveCfg = Release|Any CPU
		{8C5AFBCA-29D9-45C6-8B10-96AE955F13F4}.Release|x64.Build.0 = Release|Any CPU
		{8C5AFBCA-29D9-45C6-8B10-96AE955F13F4}.Release|x86.ActiveCfg = Release|Any CPU
		{8C5AFBCA-29D9-45C6-8B10-96AE955F13F4}.Release|x86.Build.0 = Release|Any CPU
		{27844C07-4993-41FC-8A16-57A507169E70}.Debug|Any CPU.ActiveCfg = Debug|Any CPU
		{27844C07-4993-41FC-8A16-57A507169E70}.Debug|Any CPU.Build.0 = Debug|Any CPU
		{27844C07-4993-41FC-8A16-57A507169E70}.Debug|x64.ActiveCfg = Debug|Any CPU
		{27844C07-4993-41FC-8A16-57A507169E70}.Debug|x64.Build.0 = Debug|Any CPU
		{27844C07-4993-41FC-8A16-57A507169E70}.Debug|x86.ActiveCfg = Debug|Any CPU
		{27844C07-4993-41FC-8A16-57A507169E70}.Debug|x86.Build.0 = Debug|Any CPU
		{27844C07-4993-41FC-8A16-57A507169E70}.Release|Any CPU.ActiveCfg = Release|Any CPU
		{27844C07-4993-41FC-8A16-57A507169E70}.Release|Any CPU.Build.0 = Release|Any CPU
		{27844C07-4993-41FC-8A16-57A507169E70}.Release|x64.ActiveCfg = Release|Any CPU
		{27844C07-4993-41FC-8A16-57A507169E70}.Release|x64.Build.0 = Release|Any CPU
		{27844C07-4993-41FC-8A16-57A507169E70}.Release|x86.ActiveCfg = Release|Any CPU
		{27844C07-4993-41FC-8A16-57A507169E70}.Release|x86.Build.0 = Release|Any CPU
	EndGlobalSection
	GlobalSection(SolutionProperties) = preSolution
		HideSolutionNode = FALSE
	EndGlobalSection
	GlobalSection(NestedProjects) = preSolution
		{3E640834-FEA2-44D1-8C86-185C4F186C4F} = {827E0CD3-B72D-47B6-A68D-7590B98EB39B}
		{8C5AFBCA-29D9-45C6-8B10-96AE955F13F4} = {0AB3BF05-4346-4AA6-1389-037BE0695223}
		{27844C07-4993-41FC-8A16-57A507169E70} = {0AB3BF05-4346-4AA6-1389-037BE0695223}
	EndGlobalSection
EndGlobal
